// !$*UTF8*$!
{
	archiveVersion = 1;
	classes = {
	};
	objectVersion = 46;
	objects = {

/* Begin PBXBuildFile section */
		CC01A9E11E1DF2590086B467 /* AppDelegate.swift in Sources */ = {isa = PBXBuildFile; fileRef = CC01A9E01E1DF2590086B467 /* AppDelegate.swift */; };
		CC01A9E31E1DF2590086B467 /* ViewController.swift in Sources */ = {isa = PBXBuildFile; fileRef = CC01A9E21E1DF2590086B467 /* ViewController.swift */; };
		CC01A9E61E1DF2590086B467 /* Main.storyboard in Resources */ = {isa = PBXBuildFile; fileRef = CC01A9E41E1DF2590086B467 /* Main.storyboard */; };
		CC01A9E81E1DF2590086B467 /* Assets.xcassets in Resources */ = {isa = PBXBuildFile; fileRef = CC01A9E71E1DF2590086B467 /* Assets.xcassets */; };
		CC01A9EB1E1DF2590086B467 /* LaunchScreen.storyboard in Resources */ = {isa = PBXBuildFile; fileRef = CC01A9E91E1DF2590086B467 /* LaunchScreen.storyboard */; };
		CC01A9F61E1DF25A0086B467 /* _14_CollectionViewTests.swift in Sources */ = {isa = PBXBuildFile; fileRef = CC01A9F51E1DF25A0086B467 /* _14_CollectionViewTests.swift */; };
		CC01AA011E1DF25A0086B467 /* _14_CollectionViewUITests.swift in Sources */ = {isa = PBXBuildFile; fileRef = CC01AA001E1DF25A0086B467 /* _14_CollectionViewUITests.swift */; };
/* End PBXBuildFile section */

/* Begin PBXContainerItemProxy section */
		CC01A9F21E1DF25A0086B467 /* PBXContainerItemProxy */ = {
			isa = PBXContainerItemProxy;
			containerPortal = CC01A9D51E1DF2590086B467 /* Project object */;
			proxyType = 1;
			remoteGlobalIDString = CC01A9DC1E1DF2590086B467;
			remoteInfo = "014-CollectionView";
		};
		CC01A9FD1E1DF25A0086B467 /* PBXContainerItemProxy */ = {
			isa = PBXContainerItemProxy;
			containerPortal = CC01A9D51E1DF2590086B467 /* Project object */;
			proxyType = 1;
			remoteGlobalIDString = CC01A9DC1E1DF2590086B467;
			remoteInfo = "014-CollectionView";
		};
/* End PBXContainerItemProxy section */

/* Begin PBXFileReference section */
		CC01A9DD1E1DF2590086B467 /* 014-CollectionView.app */ = {isa = PBXFileReference; explicitFileType = wrapper.application; includeInIndex = 0; path = "014-CollectionView.app"; sourceTree = BUILT_PRODUCTS_DIR; };
		CC01A9E01E1DF2590086B467 /* AppDelegate.swift */ = {isa = PBXFileReference; lastKnownFileType = sourcecode.swift; path = AppDelegate.swift; sourceTree = "<group>"; };
		CC01A9E21E1DF2590086B467 /* ViewController.swift */ = {isa = PBXFileReference; lastKnownFileType = sourcecode.swift; path = ViewController.swift; sourceTree = "<group>"; };
		CC01A9E51E1DF2590086B467 /* Base */ = {isa = PBXFileReference; lastKnownFileType = file.storyboard; name = Base; path = Base.lproj/Main.storyboard; sourceTree = "<group>"; };
		CC01A9E71E1DF2590086B467 /* Assets.xcassets */ = {isa = PBXFileReference; lastKnownFileType = folder.assetcatalog; path = Assets.xcassets; sourceTree = "<group>"; };
		CC01A9EA1E1DF2590086B467 /* Base */ = {isa = PBXFileReference; lastKnownFileType = file.storyboard; name = Base; path = Base.lproj/LaunchScreen.storyboard; sourceTree = "<group>"; };
		CC01A9EC1E1DF2590086B467 /* Info.plist */ = {isa = PBXFileReference; lastKnownFileType = text.plist.xml; path = Info.plist; sourceTree = "<group>"; };
		CC01A9F11E1DF25A0086B467 /* 014-CollectionViewTests.xctest */ = {isa = PBXFileReference; explicitFileType = wrapper.cfbundle; includeInIndex = 0; path = "014-CollectionViewTests.xctest"; sourceTree = BUILT_PRODUCTS_DIR; };
		CC01A9F51E1DF25A0086B467 /* _14_CollectionViewTests.swift */ = {isa = PBXFileReference; lastKnownFileType = sourcecode.swift; path = _14_CollectionViewTests.swift; sourceTree = "<group>"; };
		CC01A9F71E1DF25A0086B467 /* Info.plist */ = {isa = PBXFileReference; lastKnownFileType = text.plist.xml; path = Info.plist; sourceTree = "<group>"; };
		CC01A9FC1E1DF25A0086B467 /* 014-CollectionViewUITests.xctest */ = {isa = PBXFileReference; explicitFileType = wrapper.cfbundle; includeInIndex = 0; path = "014-CollectionViewUITests.xctest"; sourceTree = BUILT_PRODUCTS_DIR; };
		CC01AA001E1DF25A0086B467 /* _14_CollectionViewUITests.swift */ = {isa = PBXFileReference; lastKnownFileType = sourcecode.swift; path = _14_CollectionViewUITests.swift; sourceTree = "<group>"; };
		CC01AA021E1DF25A0086B467 /* Info.plist */ = {isa = PBXFileReference; lastKnownFileType = text.plist.xml; path = Info.plist; sourceTree = "<group>"; };
/* End PBXFileReference section */

/* Begin PBXFrameworksBuildPhase section */
		CC01A9DA1E1DF2590086B467 /* Frameworks */ = {
			isa = PBXFrameworksBuildPhase;
			buildActionMask = 2147483647;
			files = (
			);
			runOnlyForDeploymentPostprocessing = 0;
		};
		CC01A9EE1E1DF25A0086B467 /* Frameworks */ = {
			isa = PBXFrameworksBuildPhase;
			buildActionMask = 2147483647;
			files = (
			);
			runOnlyForDeploymentPostprocessing = 0;
		};
		CC01A9F91E1DF25A0086B467 /* Frameworks */ = {
			isa = PBXFrameworksBuildPhase;
			buildActionMask = 2147483647;
			files = (
			);
			runOnlyForDeploymentPostprocessing = 0;
		};
/* End PBXFrameworksBuildPhase section */

/* Begin PBXGroup section */
		CC01A9D41E1DF2590086B467 = {
			isa = PBXGroup;
			children = (
				CC01A9DF1E1DF2590086B467 /* 014-CollectionView */,
				CC01A9F41E1DF25A0086B467 /* 014-CollectionViewTests */,
				CC01A9FF1E1DF25A0086B467 /* 014-CollectionViewUITests */,
				CC01A9DE1E1DF2590086B467 /* Products */,
			);
			sourceTree = "<group>";
		};
		CC01A9DE1E1DF2590086B467 /* Products */ = {
			isa = PBXGroup;
			children = (
				CC01A9DD1E1DF2590086B467 /* 014-CollectionView.app */,
				CC01A9F11E1DF25A0086B467 /* 014-CollectionViewTests.xctest */,
				CC01A9FC1E1DF25A0086B467 /* 014-CollectionViewUITests.xctest */,
			);
			name = Products;
			sourceTree = "<group>";
		};
		CC01A9DF1E1DF2590086B467 /* 014-CollectionView */ = {
			isa = PBXGroup;
			children = (
				CC01A9E01E1DF2590086B467 /* AppDelegate.swift */,
				CC01A9E21E1DF2590086B467 /* ViewController.swift */,
				CC01A9E41E1DF2590086B467 /* Main.storyboard */,
				CC01A9E71E1DF2590086B467 /* Assets.xcassets */,
				CC01A9E91E1DF2590086B467 /* LaunchScreen.storyboard */,
				CC01A9EC1E1DF2590086B467 /* Info.plist */,
			);
			path = "014-CollectionView";
			sourceTree = "<group>";
		};
		CC01A9F41E1DF25A0086B467 /* 014-CollectionViewTests */ = {
			isa = PBXGroup;
			children = (
				CC01A9F51E1DF25A0086B467 /* _14_CollectionViewTests.swift */,
				CC01A9F71E1DF25A0086B467 /* Info.plist */,
			);
			path = "014-CollectionViewTests";
			sourceTree = "<group>";
		};
		CC01A9FF1E1DF25A0086B467 /* 014-CollectionViewUITests */ = {
			isa = PBXGroup;
			children = (
				CC01AA001E1DF25A0086B467 /* _14_CollectionViewUITests.swift */,
				CC01AA021E1DF25A0086B467 /* Info.plist */,
			);
			path = "014-CollectionViewUITests";
			sourceTree = "<group>";
		};
/* End PBXGroup section */

/* Begin PBXNativeTarget section */
		CC01A9DC1E1DF2590086B467 /* 014-CollectionView */ = {
			isa = PBXNativeTarget;
			buildConfigurationList = CC01AA051E1DF25A0086B467 /* Build configuration list for PBXNativeTarget "014-CollectionView" */;
			buildPhases = (
				CC01A9D91E1DF2590086B467 /* Sources */,
				CC01A9DA1E1DF2590086B467 /* Frameworks */,
				CC01A9DB1E1DF2590086B467 /* Resources */,
			);
			buildRules = (
			);
			dependencies = (
			);
			name = "014-CollectionView";
			productName = "014-CollectionView";
			productReference = CC01A9DD1E1DF2590086B467 /* 014-CollectionView.app */;
			productType = "com.apple.product-type.application";
		};
		CC01A9F01E1DF25A0086B467 /* 014-CollectionViewTests */ = {
			isa = PBXNativeTarget;
			buildConfigurationList = CC01AA081E1DF25A0086B467 /* Build configuration list for PBXNativeTarget "014-CollectionViewTests" */;
			buildPhases = (
				CC01A9ED1E1DF25A0086B467 /* Sources */,
				CC01A9EE1E1DF25A0086B467 /* Frameworks */,
				CC01A9EF1E1DF25A0086B467 /* Resources */,
			);
			buildRules = (
			);
			dependencies = (
				CC01A9F31E1DF25A0086B467 /* PBXTargetDependency */,
			);
			name = "014-CollectionViewTests";
			productName = "014-CollectionViewTests";
			productReference = CC01A9F11E1DF25A0086B467 /* 014-CollectionViewTests.xctest */;
			productType = "com.apple.product-type.bundle.unit-test";
		};
		CC01A9FB1E1DF25A0086B467 /* 014-CollectionViewUITests */ = {
			isa = PBXNativeTarget;
			buildConfigurationList = CC01AA0B1E1DF25A0086B467 /* Build configuration list for PBXNativeTarget "014-CollectionViewUITests" */;
			buildPhases = (
				CC01A9F81E1DF25A0086B467 /* Sources */,
				CC01A9F91E1DF25A0086B467 /* Frameworks */,
				CC01A9FA1E1DF25A0086B467 /* Resources */,
			);
			buildRules = (
			);
			dependencies = (
				CC01A9FE1E1DF25A0086B467 /* PBXTargetDependency */,
			);
			name = "014-CollectionViewUITests";
			productName = "014-CollectionViewUITests";
			productReference = CC01A9FC1E1DF25A0086B467 /* 014-CollectionViewUITests.xctest */;
			productType = "com.apple.product-type.bundle.ui-testing";
		};
/* End PBXNativeTarget section */

/* Begin PBXProject section */
		CC01A9D51E1DF2590086B467 /* Project object */ = {
			isa = PBXProject;
			attributes = {
				LastSwiftUpdateCheck = 0820;
				LastUpgradeCheck = 0820;
				ORGANIZATIONNAME = Oyxiaoxi;
				TargetAttributes = {
					CC01A9DC1E1DF2590086B467 = {
						CreatedOnToolsVersion = 8.2.1;
						ProvisioningStyle = Automatic;
					};
					CC01A9F01E1DF25A0086B467 = {
						CreatedOnToolsVersion = 8.2.1;
						ProvisioningStyle = Automatic;
						TestTargetID = CC01A9DC1E1DF2590086B467;
					};
					CC01A9FB1E1DF25A0086B467 = {
						CreatedOnToolsVersion = 8.2.1;
						ProvisioningStyle = Automatic;
						TestTargetID = CC01A9DC1E1DF2590086B467;
					};
				};
			};
			buildConfigurationList = CC01A9D81E1DF2590086B467 /* Build configuration list for PBXProject "014-CollectionView" */;
			compatibilityVersion = "Xcode 3.2";
			developmentRegion = English;
			hasScannedForEncodings = 0;
			knownRegions = (
				en,
				Base,
			);
			mainGroup = CC01A9D41E1DF2590086B467;
			productRefGroup = CC01A9DE1E1DF2590086B467 /* Products */;
			projectDirPath = "";
			projectRoot = "";
			targets = (
				CC01A9DC1E1DF2590086B467 /* 014-CollectionView */,
				CC01A9F01E1DF25A0086B467 /* 014-CollectionViewTests */,
				CC01A9FB1E1DF25A0086B467 /* 014-CollectionViewUITests */,
			);
		};
/* End PBXProject section */

/* Begin PBXResourcesBuildPhase section */
		CC01A9DB1E1DF2590086B467 /* Resources */ = {
			isa = PBXResourcesBuildPhase;
			buildActionMask = 2147483647;
			files = (
				CC01A9EB1E1DF2590086B467 /* LaunchScreen.storyboard in Resources */,
				CC01A9E81E1DF2590086B467 /* Assets.xcassets in Resources */,
				CC01A9E61E1DF2590086B467 /* Main.storyboard in Resources */,
			);
			runOnlyForDeploymentPostprocessing = 0;
		};
		CC01A9EF1E1DF25A0086B467 /* Resources */ = {
			isa = PBXResourcesBuildPhase;
			buildActionMask = 2147483647;
			files = (
			);
			runOnlyForDeploymentPostprocessing = 0;
		};
		CC01A9FA1E1DF25A0086B467 /* Resources */ = {
			isa = PBXResourcesBuildPhase;
			buildActionMask = 2147483647;
			files = (
			);
			runOnlyForDeploymentPostprocessing = 0;
		};
/* End PBXResourcesBuildPhase section */

/* Begin PBXSourcesBuildPhase section */
		CC01A9D91E1DF2590086B467 /* Sources */ = {
			isa = PBXSourcesBuildPhase;
			buildActionMask = 2147483647;
			files = (
				CC01A9E31E1DF2590086B467 /* ViewController.swift in Sources */,
				CC01A9E11E1DF2590086B467 /* AppDelegate.swift in Sources */,
			);
			runOnlyForDeploymentPostprocessing = 0;
		};
		CC01A9ED1E1DF25A0086B467 /* Sources */ = {
			isa = PBXSourcesBuildPhase;
			buildActionMask = 2147483647;
			files = (
				CC01A9F61E1DF25A0086B467 /* _14_CollectionViewTests.swift in Sources */,
			);
			runOnlyForDeploymentPostprocessing = 0;
		};
		CC01A9F81E1DF25A0086B467 /* Sources */ = {
			isa = PBXSourcesBuildPhase;
			buildActionMask = 2147483647;
			files = (
				CC01AA011E1DF25A0086B467 /* _14_CollectionViewUITests.swift in Sources */,
			);
			runOnlyForDeploymentPostprocessing = 0;
		};
/* End PBXSourcesBuildPhase section */

/* Begin PBXTargetDependency section */
		CC01A9F31E1DF25A0086B467 /* PBXTargetDependency */ = {
			isa = PBXTargetDependency;
			target = CC01A9DC1E1DF2590086B467 /* 014-CollectionView */;
			targetProxy = CC01A9F21E1DF25A0086B467 /* PBXContainerItemProxy */;
		};
		CC01A9FE1E1DF25A0086B467 /* PBXTargetDependency */ = {
			isa = PBXTargetDependency;
			target = CC01A9DC1E1DF2590086B467 /* 014-CollectionView */;
			targetProxy = CC01A9FD1E1DF25A0086B467 /* PBXContainerItemProxy */;
		};
/* End PBXTargetDependency section */

/* Begin PBXVariantGroup section */
		CC01A9E41E1DF2590086B467 /* Main.storyboard */ = {
			isa = PBXVariantGroup;
			children = (
				CC01A9E51E1DF2590086B467 /* Base */,
			);
			name = Main.storyboard;
			sourceTree = "<group>";
		};
		CC01A9E91E1DF2590086B467 /* LaunchScreen.storyboard */ = {
			isa = PBXVariantGroup;
			children = (
				CC01A9EA1E1DF2590086B467 /* Base */,
			);
			name = LaunchScreen.storyboard;
			sourceTree = "<group>";
		};
/* End PBXVariantGroup section */

/* Begin XCBuildConfiguration section */
		CC01AA031E1DF25A0086B467 /* Debug */ = {
			isa = XCBuildConfiguration;
			buildSettings = {
				ALWAYS_SEARCH_USER_PATHS = NO;
				CLANG_ANALYZER_NONNULL = YES;
				CLANG_CXX_LANGUAGE_STANDARD = "gnu++0x";
				CLANG_CXX_LIBRARY = "libc++";
				CLANG_ENABLE_MODULES = YES;
				CLANG_ENABLE_OBJC_ARC = YES;
				CLANG_WARN_BOOL_CONVERSION = YES;
				CLANG_WARN_CONSTANT_CONVERSION = YES;
				CLANG_WARN_DIRECT_OBJC_ISA_USAGE = YES_ERROR;
				CLANG_WARN_DOCUMENTATION_COMMENTS = YES;
				CLANG_WARN_EMPTY_BODY = YES;
				CLANG_WARN_ENUM_CONVERSION = YES;
				CLANG_WARN_INFINITE_RECURSION = YES;
				CLANG_WARN_INT_CONVERSION = YES;
				CLANG_WARN_OBJC_ROOT_CLASS = YES_ERROR;
				CLANG_WARN_SUSPICIOUS_MOVE = YES;
				CLANG_WARN_UNREACHABLE_CODE = YES;
				CLANG_WARN__DUPLICATE_METHOD_MATCH = YES;
				"CODE_SIGN_IDENTITY[sdk=iphoneos*]" = "iPhone Developer";
				COPY_PHASE_STRIP = NO;
				DEBUG_INFORMATION_FORMAT = dwarf;
				ENABLE_STRICT_OBJC_MSGSEND = YES;
				ENABLE_TESTABILITY = YES;
				GCC_C_LANGUAGE_STANDARD = gnu99;
				GCC_DYNAMIC_NO_PIC = NO;
				GCC_NO_COMMON_BLOCKS = YES;
				GCC_OPTIMIZATION_LEVEL = 0;
				GCC_PREPROCESSOR_DEFINITIONS = (
					"DEBUG=1",
					"$(inherited)",
				);
				GCC_WARN_64_TO_32_BIT_CONVERSION = YES;
				GCC_WARN_ABOUT_RETURN_TYPE = YES_ERROR;
				GCC_WARN_UNDECLARED_SELECTOR = YES;
				GCC_WARN_UNINITIALIZED_AUTOS = YES_AGGRESSIVE;
				GCC_WARN_UNUSED_FUNCTION = YES;
				GCC_WARN_UNUSED_VARIABLE = YES;
				IPHONEOS_DEPLOYMENT_TARGET = 10.2;
				MTL_ENABLE_DEBUG_INFO = YES;
				ONLY_ACTIVE_ARCH = YES;
				SDKROOT = iphoneos;
				SWIFT_ACTIVE_COMPILATION_CONDITIONS = DEBUG;
				SWIFT_OPTIMIZATION_LEVEL = "-Onone";
				TARGETED_DEVICE_FAMILY = "1,2";
			};
			name = Debug;
		};
		CC01AA041E1DF25A0086B467 /* Release */ = {
			isa = XCBuildConfiguration;
			buildSettings = {
				ALWAYS_SEARCH_USER_PATHS = NO;
				CLANG_ANALYZER_NONNULL = YES;
				CLANG_CXX_LANGUAGE_STANDARD = "gnu++0x";
				CLANG_CXX_LIBRARY = "libc++";
				CLANG_ENABLE_MODULES = YES;
				CLANG_ENABLE_OBJC_ARC = YES;
				CLANG_WARN_BOOL_CONVERSION = YES;
				CLANG_WARN_CONSTANT_CONVERSION = YES;
				CLANG_WARN_DIRECT_OBJC_ISA_USAGE = YES_ERROR;
				CLANG_WARN_DOCUMENTATION_COMMENTS = YES;
				CLANG_WARN_EMPTY_BODY = YES;
				CLANG_WARN_ENUM_CONVERSION = YES;
				CLANG_WARN_INFINITE_RECURSION = YES;
				CLANG_WARN_INT_CONVERSION = YES;
				CLANG_WARN_OBJC_ROOT_CLASS = YES_ERROR;
				CLANG_WARN_SUSPICIOUS_MOVE = YES;
				CLANG_WARN_UNREACHABLE_CODE = YES;
				CLANG_WARN__DUPLICATE_METHOD_MATCH = YES;
				"CODE_SIGN_IDENTITY[sdk=iphoneos*]" = "iPhone Developer";
				COPY_PHASE_STRIP = NO;
				DEBUG_INFORMATION_FORMAT = "dwarf-with-dsym";
				ENABLE_NS_ASSERTIONS = NO;
				ENABLE_STRICT_OBJC_MSGSEND = YES;
				GCC_C_LANGUAGE_STANDARD = gnu99;
				GCC_NO_COMMON_BLOCKS = YES;
				GCC_WARN_64_TO_32_BIT_CONVERSION = YES;
				GCC_WARN_ABOUT_RETURN_TYPE = YES_ERROR;
				GCC_WARN_UNDECLARED_SELECTOR = YES;
				GCC_WARN_UNINITIALIZED_AUTOS = YES_AGGRESSIVE;
				GCC_WARN_UNUSED_FUNCTION = YES;
				GCC_WARN_UNUSED_VARIABLE = YES;
				IPHONEOS_DEPLOYMENT_TARGET = 10.2;
				MTL_ENABLE_DEBUG_INFO = NO;
				SDKROOT = iphoneos;
				SWIFT_OPTIMIZATION_LEVEL = "-Owholemodule";
				TARGETED_DEVICE_FAMILY = "1,2";
				VALIDATE_PRODUCT = YES;
			};
			name = Release;
		};
		CC01AA061E1DF25A0086B467 /* Debug */ = {
			isa = XCBuildConfiguration;
			buildSettings = {
				ASSETCATALOG_COMPILER_APPICON_NAME = AppIcon;
				INFOPLIST_FILE = "014-CollectionView/Info.plist";
				LD_RUNPATH_SEARCH_PATHS = "$(inherited) @executable_path/Frameworks";
				PRODUCT_BUNDLE_IDENTIFIER = "Oyxiaoxi.-14-CollectionView";
				PRODUCT_NAME = "$(TARGET_NAME)";
				SWIFT_VERSION = 3.0;
			};
			name = Debug;
		};
		CC01AA071E1DF25A0086B467 /* Release */ = {
			isa = XCBuildConfiguration;
			buildSettings = {
				ASSETCATALOG_COMPILER_APPICON_NAME = AppIcon;
				INFOPLIST_FILE = "014-CollectionView/Info.plist";
				LD_RUNPATH_SEARCH_PATHS = "$(inherited) @executable_path/Frameworks";
				PRODUCT_BUNDLE_IDENTIFIER = "Oyxiaoxi.-14-CollectionView";
				PRODUCT_NAME = "$(TARGET_NAME)";
				SWIFT_VERSION = 3.0;
			};
			name = Release;
		};
		CC01AA091E1DF25A0086B467 /* Debug */ = {
			isa = XCBuildConfiguration;
			buildSettings = {
				ALWAYS_EMBED_SWIFT_STANDARD_LIBRARIES = YES;
				BUNDLE_LOADER = "$(TEST_HOST)";
				INFOPLIST_FILE = "014-CollectionViewTests/Info.plist";
				LD_RUNPATH_SEARCH_PATHS = "$(inherited) @executable_path/Frameworks @loader_path/Frameworks";
				PRODUCT_BUNDLE_IDENTIFIER = "Oyxiaoxi.-14-CollectionViewTests";
				PRODUCT_NAME = "$(TARGET_NAME)";
				SWIFT_VERSION = 3.0;
				TEST_HOST = "$(BUILT_PRODUCTS_DIR)/014-CollectionView.app/014-CollectionView";
			};
			name = Debug;
		};
		CC01AA0A1E1DF25A0086B467 /* Release */ = {
			isa = XCBuildConfiguration;
			buildSettings = {
				ALWAYS_EMBED_SWIFT_STANDARD_LIBRARIES = YES;
				BUNDLE_LOADER = "$(TEST_HOST)";
				INFOPLIST_FILE = "014-CollectionViewTests/Info.plist";
				LD_RUNPATH_SEARCH_PATHS = "$(inherited) @executable_path/Frameworks @loader_path/Frameworks";
				PRODUCT_BUNDLE_IDENTIFIER = "Oyxiaoxi.-14-CollectionViewTests";
				PRODUCT_NAME = "$(TARGET_NAME)";
				SWIFT_VERSION = 3.0;
				TEST_HOST = "$(BUILT_PRODUCTS_DIR)/014-CollectionView.app/014-CollectionView";
			};
			name = Release;
		};
		CC01AA0C1E1DF25A0086B467 /* Debug */ = {
			isa = XCBuildConfiguration;
			buildSettings = {
				ALWAYS_EMBED_SWIFT_STANDARD_LIBRARIES = YES;
				INFOPLIST_FILE = "014-CollectionViewUITests/Info.plist";
				LD_RUNPATH_SEARCH_PATHS = "$(inherited) @executable_path/Frameworks @loader_path/Frameworks";
				PRODUCT_BUNDLE_IDENTIFIER = "Oyxiaoxi.-14-CollectionViewUITests";
				PRODUCT_NAME = "$(TARGET_NAME)";
				SWIFT_VERSION = 3.0;
				TEST_TARGET_NAME = "014-CollectionView";
			};
			name = Debug;
		};
		CC01AA0D1E1DF25A0086B467 /* Release */ = {
			isa = XCBuildConfiguration;
			buildSettings = {
				ALWAYS_EMBED_SWIFT_STANDARD_LIBRARIES = YES;
				INFOPLIST_FILE = "014-CollectionViewUITests/Info.plist";
				LD_RUNPATH_SEARCH_PATHS = "$(inherited) @executable_path/Frameworks @loader_path/Frameworks";
				PRODUCT_BUNDLE_IDENTIFIER = "Oyxiaoxi.-14-CollectionViewUITests";
				PRODUCT_NAME = "$(TARGET_NAME)";
				SWIFT_VERSION = 3.0;
				TEST_TARGET_NAME = "014-CollectionView";
			};
			name = Release;
		};
/* End XCBuildConfiguration section */

/* Begin XCConfigurationList section */
		CC01A9D81E1DF2590086B467 /* Build configuration list for PBXProject "014-CollectionView" */ = {
			isa = XCConfigurationList;
			buildConfigurations = (
				CC01AA031E1DF25A0086B467 /* Debug */,
				CC01AA041E1DF25A0086B467 /* Release */,
			);
			defaultConfigurationIsVisible = 0;
			defaultConfigurationName = Release;
		};
		CC01AA051E1DF25A0086B467 /* Build configuration list for PBXNativeTarget "014-CollectionView" */ = {
			isa = XCConfigurationList;
			buildConfigurations = (
				CC01AA061E1DF25A0086B467 /* Debug */,
				CC01AA071E1DF25A0086B467 /* Release */,
			);
			defaultConfigurationIsVisible = 0;
		};
		CC01AA081E1DF25A0086B467 /* Build configuration list for PBXNativeTarget "014-CollectionViewTests" */ = {
			isa = XCConfigurationList;
			buildConfigurations = (
				CC01AA091E1DF25A0086B467 /* Debug */,
				CC01AA0A1E1DF25A0086B467 /* Release */,
			);
			defaultConfigurationIsVisible = 0;
		};
		CC01AA0B1E1DF25A0086B467 /* Build configuration list for PBXNativeTarget "014-CollectionViewUITests" */ = {
			isa = XCConfigurationList;
			buildConfigurations = (
				CC01AA0C1E1DF25A0086B467 /* Debug */,
				CC01AA0D1E1DF25A0086B467 /* Release */,
			);
			defaultConfigurationIsVisible = 0;
		};
/* End XCConfigurationList section */
	};
	rootObject = CC01A9D51E1DF2590086B467 /* Project object */;
}
